
Microsoft Visual Studio Solution File, Format Version 11.00
# Visual Studio 2010
Project("{8BC9CEB8-8B4A-11D0-8D11-00A0C91BC942}") = "EmptyStaticLibrary", "EmptyStaticLibrary\EmptyStaticLibrary.vcxproj", "{93379F25-6430-4791-BC24-6B9F629CEFE8}"
EndProject
Project("{8BC9CEB8-8B4A-11D0-8D11-00A0C91BC942}") = "EmptyConsoleApplication", "EmptyConsoleApplication\EmptyConsoleApplication.vcxproj", "{9A017830-FE60-486D-8073-1BC9D187668B}"
	ProjectSection(ProjectDependencies) = postProject
		{93379F25-6430-4791-BC24-6B9F629CEFE8} = {93379F25-6430-4791-BC24-6B9F629CEFE8}
		{095406AF-E26E-4080-8DA7-92A5DA7A5CFF} = {095406AF-E26E-4080-8DA7-92A5DA7A5CFF}
	EndProjectSection
EndProject
Project("{8BC9CEB8-8B4A-11D0-8D11-00A0C91BC942}") = "ConsoleApplicationWithGroup", "ConsoleApplicationWithGroup\ConsoleApplicationWithGroup.vcxproj", "{F193B06B-7F83-4DBD-B57C-C7679AD2ED84}"
EndProject
Project("{8BC9CEB8-8B4A-11D0-8D11-00A0C91BC942}") = "StaticLibraryWithFiles", "StaticLibraryWithFiles\StaticLibraryWithFiles.vcxproj", "{095406AF-E26E-4080-8DA7-92A5DA7A5CFF}"
EndProject
Global
	GlobalSection(SolutionConfigurationPlatforms) = preSolution
		Debug|Win32 = Debug|Win32
		Release|Win32 = Release|Win32
	EndGlobalSection
	GlobalSection(ProjectConfigurationPlatforms) = postSolution
		{93379F25-6430-4791-BC24-6B9F629CEFE8}.Debug|Win32.ActiveCfg = Debug|Win32
		{93379F25-6430-4791-BC24-6B9F629CEFE8}.Debug|Win32.Build.0 = Debug|Win32
		{93379F25-6430-4791-BC24-6B9F629CEFE8}.Release|Win32.ActiveCfg = Release|Win32
		{93379F25-6430-4791-BC24-6B9F629CEFE8}.Release|Win32.Build.0 = Release|Win32
		{9A017830-FE60-486D-8073-1BC9D187668B}.Debug|Win32.ActiveCfg = Debug|Win32
		{9A017830-FE60-486D-8073-1BC9D187668B}.Debug|Win32.Build.0 = Debug|Win32
		{9A017830-FE60-486D-8073-1BC9D187668B}.Release|Win32.ActiveCfg = Release|Win32
		{9A017830-FE60-486D-8073-1BC9D187668B}.Release|Win32.Build.0 = Release|Win32
		{F193B06B-7F83-4DBD-B57C-C7679AD2ED84}.Debug|Win32.ActiveCfg = Debug|Win32
		{F193B06B-7F83-4DBD-B57C-C7679AD2ED84}.Debug|Win32.Build.0 = Debug|Win32
		{F193B06B-7F83-4DBD-B57C-C7679AD2ED84}.Release|Win32.ActiveCfg = Release|Win32
		{F193B06B-7F83-4DBD-B57C-C7679AD2ED84}.Release|Win32.Build.0 = Release|Win32
		{095406AF-E26E-4080-8DA7-92A5DA7A5CFF}.Debug|Win32.ActiveCfg = Debug|Win32
		{095406AF-E26E-4080-8DA7-92A5DA7A5CFF}.Debug|Win32.Build.0 = Debug|Win32
		{095406AF-E26E-4080-8DA7-92A5DA7A5CFF}.Release|Win32.ActiveCfg = Release|Win32
		{095406AF-E26E-4080-8DA7-92A5DA7A5CFF}.Release|Win32.Build.0 = Release|Win32
	EndGlobalSection
	GlobalSection(SolutionProperties) = preSolution
		HideSolutionNode = FALSE
	EndGlobalSection
EndGlobal
